
Microsoft Visual Studio Solution File, Format Version 12.00
# Visual Studio Version 16
VisualStudioVersion = 16.0.29424.173
MinimumVisualStudioVersion = 10.0.40219.1
Project("{FAE04EC0-301F-11D3-BF4B-00C04F79EFBC}") = "Assignment4", "Assignment4.csproj", "{C98C4BFE-092A-4A00-A4BD-3564DC35DE96}"
EndProject
Global
	GlobalSection(SolutionConfigurationPlatforms) = preSolution
		Debug|Any CPU = Debug|Any CPU
		Release|Any CPU = Release|Any CPU
	EndGlobalSection
	GlobalSection(ProjectConfigurationPlatforms) = postSolution
		{C98C4BFE-092A-4A00-A4BD-3564DC35DE96}.Debug|Any CPU.ActiveCfg = Debug|Any CPU
		{C98C4BFE-092A-4A00-A4BD-3564DC35DE96}.Debug|Any CPU.Build.0 = Debug|Any CPU
		{C98C4BFE-092A-4A00-A4BD-3564DC35DE96}.Release|Any CPU.ActiveCfg = Release|Any CPU
		{C98C4BFE-092A-4A00-A4BD-3564DC35DE96}.Release|Any CPU.Build.0 = Release|Any CPU
	EndGlobalSection
	GlobalSection(SolutionProperties) = preSolution
		HideSolutionNode = FALSE
	EndGlobalSection
	GlobalSection(ExtensibilityGlobals) = postSolution
		SolutionGuid = {E5BEB74A-13E8-428C-883E-E3CADFD7EEDC}
	EndGlobalSection
EndGlobal
